// !$*UTF8*$!
{
	archiveVersion = 1;
	classes = {
	};
	objectVersion = 56;
	objects = {

/* Begin PBXBuildFile section */
		040210422A373A8100477ED6 /* UIColor+Ext.swift in Sources */ = {isa = PBXBuildFile; fileRef = 040210412A373A8100477ED6 /* UIColor+Ext.swift */; };
		040210442A373BE500477ED6 /* Resources.swift in Sources */ = {isa = PBXBuildFile; fileRef = 040210432A373BE500477ED6 /* Resources.swift */; };
		041C572A2A367F39007C1574 /* AppDelegate.swift in Sources */ = {isa = PBXBuildFile; fileRef = 041C57292A367F39007C1574 /* AppDelegate.swift */; };
		041C572C2A367F39007C1574 /* SceneDelegate.swift in Sources */ = {isa = PBXBuildFile; fileRef = 041C572B2A367F39007C1574 /* SceneDelegate.swift */; };
		041C572E2A367F39007C1574 /* OverviewViewController.swift in Sources */ = {isa = PBXBuildFile; fileRef = 041C572D2A367F39007C1574 /* OverviewViewController.swift */; };
		041C57332A367F3D007C1574 /* Assets.xcassets in Resources */ = {isa = PBXBuildFile; fileRef = 041C57322A367F3D007C1574 /* Assets.xcassets */; };
		041C57362A367F3D007C1574 /* LaunchScreen.storyboard in Resources */ = {isa = PBXBuildFile; fileRef = 041C57342A367F3D007C1574 /* LaunchScreen.storyboard */; };
		041C57402A3683A2007C1574 /* WATabBarController.swift in Sources */ = {isa = PBXBuildFile; fileRef = 041C573F2A3683A2007C1574 /* WATabBarController.swift */; };
		04ACCBE52A407CAC00CD3C5C /* WeekView.swift in Sources */ = {isa = PBXBuildFile; fileRef = 04ACCBE42A407CAC00CD3C5C /* WeekView.swift */; };
		04ACCBE72A40812000CD3C5C /* WeekdayView.swift in Sources */ = {isa = PBXBuildFile; fileRef = 04ACCBE62A40812000CD3C5C /* WeekdayView.swift */; };
		04ACCBE92A40921C00CD3C5C /* Date+Ext.swift in Sources */ = {isa = PBXBuildFile; fileRef = 04ACCBE82A40921C00CD3C5C /* Date+Ext.swift */; };
		04B875972A40A9E5002CBDD4 /* WABaseInfoView.swift in Sources */ = {isa = PBXBuildFile; fileRef = 04B875962A40A9E5002CBDD4 /* WABaseInfoView.swift */; };
		04C0A37E2A3D3EF6005ADC74 /* WANavBarController.swift in Sources */ = {isa = PBXBuildFile; fileRef = 04C0A37D2A3D3EF6005ADC74 /* WANavBarController.swift */; };
		04C0A3822A3DFE54005ADC74 /* BaseViewController.swift in Sources */ = {isa = PBXBuildFile; fileRef = 04C0A3812A3DFE54005ADC74 /* BaseViewController.swift */; };
		04C0A3892A3E0145005ADC74 /* SessionViewController.swift in Sources */ = {isa = PBXBuildFile; fileRef = 04C0A3882A3E0145005ADC74 /* SessionViewController.swift */; };
		04C0A38B2A3E0176005ADC74 /* ProgressViewController.swift in Sources */ = {isa = PBXBuildFile; fileRef = 04C0A38A2A3E0176005ADC74 /* ProgressViewController.swift */; };
		04C0A38D2A3E0193005ADC74 /* SettingsViewController.swift in Sources */ = {isa = PBXBuildFile; fileRef = 04C0A38C2A3E0193005ADC74 /* SettingsViewController.swift */; };
		04C0A38F2A3E552F005ADC74 /* UIView+Ext.swift in Sources */ = {isa = PBXBuildFile; fileRef = 04C0A38E2A3E552F005ADC74 /* UIView+Ext.swift */; };
		04C0A3922A3F22A2005ADC74 /* WAButton.swift in Sources */ = {isa = PBXBuildFile; fileRef = 04C0A3912A3F22A2005ADC74 /* WAButton.swift */; };
		04C0A3942A3F5A25005ADC74 /* OverviewNavBar.swift in Sources */ = {isa = PBXBuildFile; fileRef = 04C0A3932A3F5A25005ADC74 /* OverviewNavBar.swift */; };
		04C0A3962A3F5A4D005ADC74 /* BaseView.swift in Sources */ = {isa = PBXBuildFile; fileRef = 04C0A3952A3F5A4D005ADC74 /* BaseView.swift */; };
/* End PBXBuildFile section */

/* Begin PBXFileReference section */
		040210412A373A8100477ED6 /* UIColor+Ext.swift */ = {isa = PBXFileReference; lastKnownFileType = sourcecode.swift; path = "UIColor+Ext.swift"; sourceTree = "<group>"; };
		040210432A373BE500477ED6 /* Resources.swift */ = {isa = PBXFileReference; lastKnownFileType = sourcecode.swift; path = Resources.swift; sourceTree = "<group>"; };
		041C57262A367F39007C1574 /* WorkoutApp.app */ = {isa = PBXFileReference; explicitFileType = wrapper.application; includeInIndex = 0; path = WorkoutApp.app; sourceTree = BUILT_PRODUCTS_DIR; };
		041C57292A367F39007C1574 /* AppDelegate.swift */ = {isa = PBXFileReference; lastKnownFileType = sourcecode.swift; path = AppDelegate.swift; sourceTree = "<group>"; };
		041C572B2A367F39007C1574 /* SceneDelegate.swift */ = {isa = PBXFileReference; lastKnownFileType = sourcecode.swift; path = SceneDelegate.swift; sourceTree = "<group>"; };
		041C572D2A367F39007C1574 /* OverviewViewController.swift */ = {isa = PBXFileReference; lastKnownFileType = sourcecode.swift; path = OverviewViewController.swift; sourceTree = "<group>"; };
		041C57322A367F3D007C1574 /* Assets.xcassets */ = {isa = PBXFileReference; lastKnownFileType = folder.assetcatalog; path = Assets.xcassets; sourceTree = "<group>"; };
		041C57352A367F3D007C1574 /* Base */ = {isa = PBXFileReference; lastKnownFileType = file.storyboard; name = Base; path = Base.lproj/LaunchScreen.storyboard; sourceTree = "<group>"; };
		041C57372A367F3D007C1574 /* Info.plist */ = {isa = PBXFileReference; lastKnownFileType = text.plist.xml; path = Info.plist; sourceTree = "<group>"; };
		041C573F2A3683A2007C1574 /* WATabBarController.swift */ = {isa = PBXFileReference; lastKnownFileType = sourcecode.swift; path = WATabBarController.swift; sourceTree = "<group>"; };
		04ACCBE42A407CAC00CD3C5C /* WeekView.swift */ = {isa = PBXFileReference; lastKnownFileType = sourcecode.swift; path = WeekView.swift; sourceTree = "<group>"; };
		04ACCBE62A40812000CD3C5C /* WeekdayView.swift */ = {isa = PBXFileReference; lastKnownFileType = sourcecode.swift; path = WeekdayView.swift; sourceTree = "<group>"; };
		04ACCBE82A40921C00CD3C5C /* Date+Ext.swift */ = {isa = PBXFileReference; lastKnownFileType = sourcecode.swift; path = "Date+Ext.swift"; sourceTree = "<group>"; };
		04B875962A40A9E5002CBDD4 /* WABaseInfoView.swift */ = {isa = PBXFileReference; lastKnownFileType = sourcecode.swift; path = WABaseInfoView.swift; sourceTree = "<group>"; };
		04C0A37D2A3D3EF6005ADC74 /* WANavBarController.swift */ = {isa = PBXFileReference; lastKnownFileType = sourcecode.swift; path = WANavBarController.swift; sourceTree = "<group>"; };
		04C0A3812A3DFE54005ADC74 /* BaseViewController.swift */ = {isa = PBXFileReference; lastKnownFileType = sourcecode.swift; path = BaseViewController.swift; sourceTree = "<group>"; };
		04C0A3882A3E0145005ADC74 /* SessionViewController.swift */ = {isa = PBXFileReference; lastKnownFileType = sourcecode.swift; path = SessionViewController.swift; sourceTree = "<group>"; };
		04C0A38A2A3E0176005ADC74 /* ProgressViewController.swift */ = {isa = PBXFileReference; lastKnownFileType = sourcecode.swift; path = ProgressViewController.swift; sourceTree = "<group>"; };
		04C0A38C2A3E0193005ADC74 /* SettingsViewController.swift */ = {isa = PBXFileReference; lastKnownFileType = sourcecode.swift; path = SettingsViewController.swift; sourceTree = "<group>"; };
		04C0A38E2A3E552F005ADC74 /* UIView+Ext.swift */ = {isa = PBXFileReference; lastKnownFileType = sourcecode.swift; path = "UIView+Ext.swift"; sourceTree = "<group>"; };
		04C0A3912A3F22A2005ADC74 /* WAButton.swift */ = {isa = PBXFileReference; lastKnownFileType = sourcecode.swift; path = WAButton.swift; sourceTree = "<group>"; };
		04C0A3932A3F5A25005ADC74 /* OverviewNavBar.swift */ = {isa = PBXFileReference; lastKnownFileType = sourcecode.swift; path = OverviewNavBar.swift; sourceTree = "<group>"; };
		04C0A3952A3F5A4D005ADC74 /* BaseView.swift */ = {isa = PBXFileReference; lastKnownFileType = sourcecode.swift; path = BaseView.swift; sourceTree = "<group>"; };
/* End PBXFileReference section */

/* Begin PBXFrameworksBuildPhase section */
		041C57232A367F39007C1574 /* Frameworks */ = {
			isa = PBXFrameworksBuildPhase;
			buildActionMask = 2147483647;
			files = (
			);
			runOnlyForDeploymentPostprocessing = 0;
		};
/* End PBXFrameworksBuildPhase section */

/* Begin PBXGroup section */
		0402103F2A373A2600477ED6 /* Helpers */ = {
			isa = PBXGroup;
			children = (
				040210402A373A2F00477ED6 /* UIKit Extensions */,
				040210432A373BE500477ED6 /* Resources.swift */,
			);
			path = Helpers;
			sourceTree = "<group>";
		};
		040210402A373A2F00477ED6 /* UIKit Extensions */ = {
			isa = PBXGroup;
			children = (
				040210412A373A8100477ED6 /* UIColor+Ext.swift */,
				04C0A38E2A3E552F005ADC74 /* UIView+Ext.swift */,
				04ACCBE82A40921C00CD3C5C /* Date+Ext.swift */,
			);
			path = "UIKit Extensions";
			sourceTree = "<group>";
		};
		041C571D2A367F39007C1574 = {
			isa = PBXGroup;
			children = (
				041C57282A367F39007C1574 /* WorkoutApp */,
				041C57272A367F39007C1574 /* Products */,
			);
			sourceTree = "<group>";
		};
		041C57272A367F39007C1574 /* Products */ = {
			isa = PBXGroup;
			children = (
				041C57262A367F39007C1574 /* WorkoutApp.app */,
			);
			name = Products;
			sourceTree = "<group>";
		};
		041C57282A367F39007C1574 /* WorkoutApp */ = {
			isa = PBXGroup;
			children = (
				0402103F2A373A2600477ED6 /* Helpers */,
				041C573E2A367FCC007C1574 /* Application */,
				04C0A3832A3DFE8B005ADC74 /* Views */,
				041C573D2A367FB8007C1574 /* Supporting Files */,
			);
			path = WorkoutApp;
			sourceTree = "<group>";
		};
		041C573D2A367FB8007C1574 /* Supporting Files */ = {
			isa = PBXGroup;
			children = (
				041C57322A367F3D007C1574 /* Assets.xcassets */,
				041C57342A367F3D007C1574 /* LaunchScreen.storyboard */,
				041C57372A367F3D007C1574 /* Info.plist */,
			);
			path = "Supporting Files";
			sourceTree = "<group>";
		};
		041C573E2A367FCC007C1574 /* Application */ = {
			isa = PBXGroup;
			children = (
				041C57292A367F39007C1574 /* AppDelegate.swift */,
				041C572B2A367F39007C1574 /* SceneDelegate.swift */,
			);
			path = Application;
			sourceTree = "<group>";
		};
		04ACCBE32A407C9E00CD3C5C /* WeekView */ = {
			isa = PBXGroup;
			children = (
				04ACCBE42A407CAC00CD3C5C /* WeekView.swift */,
				04ACCBE62A40812000CD3C5C /* WeekdayView.swift */,
			);
			path = WeekView;
			sourceTree = "<group>";
		};
		04C0A37F2A3DFDB5005ADC74 /* Components */ = {
			isa = PBXGroup;
			children = (
				04C0A3912A3F22A2005ADC74 /* WAButton.swift */,
				041C573F2A3683A2007C1574 /* WATabBarController.swift */,
				04C0A37D2A3D3EF6005ADC74 /* WANavBarController.swift */,
			);
			path = Components;
			sourceTree = "<group>";
		};
		04C0A3802A3DFDF8005ADC74 /* Base */ = {
			isa = PBXGroup;
			children = (
				04C0A3812A3DFE54005ADC74 /* BaseViewController.swift */,
				04C0A3952A3F5A4D005ADC74 /* BaseView.swift */,
				04B875962A40A9E5002CBDD4 /* WABaseInfoView.swift */,
			);
			path = Base;
			sourceTree = "<group>";
		};
		04C0A3832A3DFE8B005ADC74 /* Views */ = {
			isa = PBXGroup;
			children = (
				04C0A37F2A3DFDB5005ADC74 /* Components */,
				04C0A3802A3DFDF8005ADC74 /* Base */,
				04C0A3872A3E0130005ADC74 /* settings */,
				04C0A3862A3E0128005ADC74 /* progress */,
				04C0A3852A3E0121005ADC74 /* session */,
				04C0A3842A3E0116005ADC74 /* overview */,
			);
			path = Views;
			sourceTree = "<group>";
		};
		04C0A3842A3E0116005ADC74 /* overview */ = {
			isa = PBXGroup;
			children = (
				04C0A3902A3F228F005ADC74 /* Views */,
				041C572D2A367F39007C1574 /* OverviewViewController.swift */,
			);
			path = overview;
			sourceTree = "<group>";
		};
		04C0A3852A3E0121005ADC74 /* session */ = {
			isa = PBXGroup;
			children = (
				04C0A3882A3E0145005ADC74 /* SessionViewController.swift */,
			);
			path = session;
			sourceTree = "<group>";
		};
		04C0A3862A3E0128005ADC74 /* progress */ = {
			isa = PBXGroup;
			children = (
				04C0A38A2A3E0176005ADC74 /* ProgressViewController.swift */,
			);
			path = progress;
			sourceTree = "<group>";
		};
		04C0A3872A3E0130005ADC74 /* settings */ = {
			isa = PBXGroup;
			children = (
				04C0A38C2A3E0193005ADC74 /* SettingsViewController.swift */,
			);
			path = settings;
			sourceTree = "<group>";
		};
		04C0A3902A3F228F005ADC74 /* Views */ = {
			isa = PBXGroup;
			children = (
				04ACCBE32A407C9E00CD3C5C /* WeekView */,
				04C0A3932A3F5A25005ADC74 /* OverviewNavBar.swift */,
			);
			path = Views;
			sourceTree = "<group>";
		};
/* End PBXGroup section */

/* Begin PBXNativeTarget section */
		041C57252A367F39007C1574 /* WorkoutApp */ = {
			isa = PBXNativeTarget;
			buildConfigurationList = 041C573A2A367F3D007C1574 /* Build configuration list for PBXNativeTarget "WorkoutApp" */;
			buildPhases = (
				041C57222A367F39007C1574 /* Sources */,
				041C57232A367F39007C1574 /* Frameworks */,
				041C57242A367F39007C1574 /* Resources */,
			);
			buildRules = (
			);
			dependencies = (
			);
			name = WorkoutApp;
			productName = WorkoutApp;
			productReference = 041C57262A367F39007C1574 /* WorkoutApp.app */;
			productType = "com.apple.product-type.application";
		};
/* End PBXNativeTarget section */

/* Begin PBXProject section */
		041C571E2A367F39007C1574 /* Project object */ = {
			isa = PBXProject;
			attributes = {
				BuildIndependentTargetsInParallel = 1;
				LastSwiftUpdateCheck = 1500;
				LastUpgradeCheck = 1500;
				TargetAttributes = {
					041C57252A367F39007C1574 = {
						CreatedOnToolsVersion = 15.0;
					};
				};
			};
			buildConfigurationList = 041C57212A367F39007C1574 /* Build configuration list for PBXProject "WorkoutApp" */;
			compatibilityVersion = "Xcode 14.0";
			developmentRegion = en;
			hasScannedForEncodings = 0;
			knownRegions = (
				en,
				Base,
			);
			mainGroup = 041C571D2A367F39007C1574;
			productRefGroup = 041C57272A367F39007C1574 /* Products */;
			projectDirPath = "";
			projectRoot = "";
			targets = (
				041C57252A367F39007C1574 /* WorkoutApp */,
			);
		};
/* End PBXProject section */

/* Begin PBXResourcesBuildPhase section */
		041C57242A367F39007C1574 /* Resources */ = {
			isa = PBXResourcesBuildPhase;
			buildActionMask = 2147483647;
			files = (
				041C57362A367F3D007C1574 /* LaunchScreen.storyboard in Resources */,
				041C57332A367F3D007C1574 /* Assets.xcassets in Resources */,
			);
			runOnlyForDeploymentPostprocessing = 0;
		};
/* End PBXResourcesBuildPhase section */

/* Begin PBXSourcesBuildPhase section */
		041C57222A367F39007C1574 /* Sources */ = {
			isa = PBXSourcesBuildPhase;
			buildActionMask = 2147483647;
			files = (
				04ACCBE52A407CAC00CD3C5C /* WeekView.swift in Sources */,
				041C572E2A367F39007C1574 /* OverviewViewController.swift in Sources */,
				041C57402A3683A2007C1574 /* WATabBarController.swift in Sources */,
				04C0A3942A3F5A25005ADC74 /* OverviewNavBar.swift in Sources */,
				04C0A38D2A3E0193005ADC74 /* SettingsViewController.swift in Sources */,
				040210422A373A8100477ED6 /* UIColor+Ext.swift in Sources */,
				04C0A3892A3E0145005ADC74 /* SessionViewController.swift in Sources */,
				04C0A37E2A3D3EF6005ADC74 /* WANavBarController.swift in Sources */,
				04C0A3922A3F22A2005ADC74 /* WAButton.swift in Sources */,
				04B875972A40A9E5002CBDD4 /* WABaseInfoView.swift in Sources */,
				04ACCBE92A40921C00CD3C5C /* Date+Ext.swift in Sources */,
				04C0A38F2A3E552F005ADC74 /* UIView+Ext.swift in Sources */,
				04C0A38B2A3E0176005ADC74 /* ProgressViewController.swift in Sources */,
				040210442A373BE500477ED6 /* Resources.swift in Sources */,
				04C0A3822A3DFE54005ADC74 /* BaseViewController.swift in Sources */,
				04C0A3962A3F5A4D005ADC74 /* BaseView.swift in Sources */,
				04ACCBE72A40812000CD3C5C /* WeekdayView.swift in Sources */,
				041C572A2A367F39007C1574 /* AppDelegate.swift in Sources */,
				041C572C2A367F39007C1574 /* SceneDelegate.swift in Sources */,
			);
			runOnlyForDeploymentPostprocessing = 0;
		};
/* End PBXSourcesBuildPhase section */

/* Begin PBXVariantGroup section */
		041C57342A367F3D007C1574 /* LaunchScreen.storyboard */ = {
			isa = PBXVariantGroup;
			children = (
				041C57352A367F3D007C1574 /* Base */,
			);
			name = LaunchScreen.storyboard;
			sourceTree = "<group>";
		};
/* End PBXVariantGroup section */

/* Begin XCBuildConfiguration section */
		041C57382A367F3D007C1574 /* Debug */ = {
			isa = XCBuildConfiguration;
			buildSettings = {
				ALWAYS_SEARCH_USER_PATHS = NO;
				ASSETCATALOG_COMPILER_GENERATE_SWIFT_ASSET_SYMBOL_EXTENSIONS = YES;
				CLANG_ANALYZER_NONNULL = YES;
				CLANG_ANALYZER_NUMBER_OBJECT_CONVERSION = YES_AGGRESSIVE;
				CLANG_CXX_LANGUAGE_STANDARD = "gnu++20";
				CLANG_ENABLE_MODULES = YES;
				CLANG_ENABLE_OBJC_ARC = YES;
				CLANG_ENABLE_OBJC_WEAK = YES;
				CLANG_WARN_BLOCK_CAPTURE_AUTORELEASING = YES;
				CLANG_WARN_BOOL_CONVERSION = YES;
				CLANG_WARN_COMMA = YES;
				CLANG_WARN_CONSTANT_CONVERSION = YES;
				CLANG_WARN_DEPRECATED_OBJC_IMPLEMENTATIONS = YES;
				CLANG_WARN_DIRECT_OBJC_ISA_USAGE = YES_ERROR;
				CLANG_WARN_DOCUMENTATION_COMMENTS = YES;
				CLANG_WARN_EMPTY_BODY = YES;
				CLANG_WARN_ENUM_CONVERSION = YES;
				CLANG_WARN_INFINITE_RECURSION = YES;
				CLANG_WARN_INT_CONVERSION = YES;
				CLANG_WARN_NON_LITERAL_NULL_CONVERSION = YES;
				CLANG_WARN_OBJC_IMPLICIT_RETAIN_SELF = YES;
				CLANG_WARN_OBJC_LITERAL_CONVERSION = YES;
				CLANG_WARN_OBJC_ROOT_CLASS = YES_ERROR;
				CLANG_WARN_QUOTED_INCLUDE_IN_FRAMEWORK_HEADER = YES;
				CLANG_WARN_RANGE_LOOP_ANALYSIS = YES;
				CLANG_WARN_STRICT_PROTOTYPES = YES;
				CLANG_WARN_SUSPICIOUS_MOVE = YES;
				CLANG_WARN_UNGUARDED_AVAILABILITY = YES_AGGRESSIVE;
				CLANG_WARN_UNREACHABLE_CODE = YES;
				CLANG_WARN__DUPLICATE_METHOD_MATCH = YES;
				COPY_PHASE_STRIP = NO;
				DEBUG_INFORMATION_FORMAT = dwarf;
				ENABLE_STRICT_OBJC_MSGSEND = YES;
				ENABLE_TESTABILITY = YES;
				ENABLE_USER_SCRIPT_SANDBOXING = YES;
				GCC_C_LANGUAGE_STANDARD = gnu17;
				GCC_DYNAMIC_NO_PIC = NO;
				GCC_NO_COMMON_BLOCKS = YES;
				GCC_OPTIMIZATION_LEVEL = 0;
				GCC_PREPROCESSOR_DEFINITIONS = (
					"DEBUG=1",
					"$(inherited)",
				);
				GCC_WARN_64_TO_32_BIT_CONVERSION = YES;
				GCC_WARN_ABOUT_RETURN_TYPE = YES_ERROR;
				GCC_WARN_UNDECLARED_SELECTOR = YES;
				GCC_WARN_UNINITIALIZED_AUTOS = YES_AGGRESSIVE;
				GCC_WARN_UNUSED_FUNCTION = YES;
				GCC_WARN_UNUSED_VARIABLE = YES;
				IPHONEOS_DEPLOYMENT_TARGET = 17.0;
				LOCALIZATION_PREFERS_STRING_CATALOGS = YES;
				MTL_ENABLE_DEBUG_INFO = INCLUDE_SOURCE;
				MTL_FAST_MATH = YES;
				ONLY_ACTIVE_ARCH = YES;
				SDKROOT = iphoneos;
				SWIFT_ACTIVE_COMPILATION_CONDITIONS = "DEBUG $(inherited)";
				SWIFT_OPTIMIZATION_LEVEL = "-Onone";
			};
			name = Debug;
		};
		041C57392A367F3D007C1574 /* Release */ = {
			isa = XCBuildConfiguration;
			buildSettings = {
				ALWAYS_SEARCH_USER_PATHS = NO;
				ASSETCATALOG_COMPILER_GENERATE_SWIFT_ASSET_SYMBOL_EXTENSIONS = YES;
				CLANG_ANALYZER_NONNULL = YES;
				CLANG_ANALYZER_NUMBER_OBJECT_CONVERSION = YES_AGGRESSIVE;
				CLANG_CXX_LANGUAGE_STANDARD = "gnu++20";
				CLANG_ENABLE_MODULES = YES;
				CLANG_ENABLE_OBJC_ARC = YES;
				CLANG_ENABLE_OBJC_WEAK = YES;
				CLANG_WARN_BLOCK_CAPTURE_AUTORELEASING = YES;
				CLANG_WARN_BOOL_CONVERSION = YES;
				CLANG_WARN_COMMA = YES;
				CLANG_WARN_CONSTANT_CONVERSION = YES;
				CLANG_WARN_DEPRECATED_OBJC_IMPLEMENTATIONS = YES;
				CLANG_WARN_DIRECT_OBJC_ISA_USAGE = YES_ERROR;
				CLANG_WARN_DOCUMENTATION_COMMENTS = YES;
				CLANG_WARN_EMPTY_BODY = YES;
				CLANG_WARN_ENUM_CONVERSION = YES;
				CLANG_WARN_INFINITE_RECURSION = YES;
				CLANG_WARN_INT_CONVERSION = YES;
				CLANG_WARN_NON_LITERAL_NULL_CONVERSION = YES;
				CLANG_WARN_OBJC_IMPLICIT_RETAIN_SELF = YES;
				CLANG_WARN_OBJC_LITERAL_CONVERSION = YES;
				CLANG_WARN_OBJC_ROOT_CLASS = YES_ERROR;
				CLANG_WARN_QUOTED_INCLUDE_IN_FRAMEWORK_HEADER = YES;
				CLANG_WARN_RANGE_LOOP_ANALYSIS = YES;
				CLANG_WARN_STRICT_PROTOTYPES = YES;
				CLANG_WARN_SUSPICIOUS_MOVE = YES;
				CLANG_WARN_UNGUARDED_AVAILABILITY = YES_AGGRESSIVE;
				CLANG_WARN_UNREACHABLE_CODE = YES;
				CLANG_WARN__DUPLICATE_METHOD_MATCH = YES;
				COPY_PHASE_STRIP = NO;
				DEBUG_INFORMATION_FORMAT = "dwarf-with-dsym";
				ENABLE_NS_ASSERTIONS = NO;
				ENABLE_STRICT_OBJC_MSGSEND = YES;
				ENABLE_USER_SCRIPT_SANDBOXING = YES;
				GCC_C_LANGUAGE_STANDARD = gnu17;
				GCC_NO_COMMON_BLOCKS = YES;
				GCC_WARN_64_TO_32_BIT_CONVERSION = YES;
				GCC_WARN_ABOUT_RETURN_TYPE = YES_ERROR;
				GCC_WARN_UNDECLARED_SELECTOR = YES;
				GCC_WARN_UNINITIALIZED_AUTOS = YES_AGGRESSIVE;
				GCC_WARN_UNUSED_FUNCTION = YES;
				GCC_WARN_UNUSED_VARIABLE = YES;
				IPHONEOS_DEPLOYMENT_TARGET = 17.0;
				LOCALIZATION_PREFERS_STRING_CATALOGS = YES;
				MTL_ENABLE_DEBUG_INFO = NO;
				MTL_FAST_MATH = YES;
				SDKROOT = iphoneos;
				SWIFT_COMPILATION_MODE = wholemodule;
				VALIDATE_PRODUCT = YES;
			};
			name = Release;
		};
		041C573B2A367F3D007C1574 /* Debug */ = {
			isa = XCBuildConfiguration;
			buildSettings = {
				ASSETCATALOG_COMPILER_APPICON_NAME = AppIcon;
				ASSETCATALOG_COMPILER_GLOBAL_ACCENT_COLOR_NAME = AccentColor;
				CODE_SIGN_STYLE = Automatic;
				CURRENT_PROJECT_VERSION = 1;
				DEVELOPMENT_TEAM = NPYFYMY3RW;
				GENERATE_INFOPLIST_FILE = YES;
				INFOPLIST_FILE = "WorkoutApp/Supporting Files/Info.plist";
				INFOPLIST_KEY_CFBundleDisplayName = Workout;
				INFOPLIST_KEY_LSApplicationCategoryType = "public.app-category.utilities";
				INFOPLIST_KEY_UIApplicationSupportsIndirectInputEvents = YES;
				INFOPLIST_KEY_UILaunchStoryboardName = LaunchScreen;
				INFOPLIST_KEY_UIMainStoryboardFile = "";
				INFOPLIST_KEY_UISupportedInterfaceOrientations = UIInterfaceOrientationPortrait;
				IPHONEOS_DEPLOYMENT_TARGET = 13.0;
				LD_RUNPATH_SEARCH_PATHS = (
					"$(inherited)",
					"@executable_path/Frameworks",
				);
				MARKETING_VERSION = 1.0;
				PRODUCT_BUNDLE_IDENTIFIER = com.waheedcodes.WorkoutApp;
				PRODUCT_NAME = "$(TARGET_NAME)";
				SUPPORTED_PLATFORMS = "iphoneos iphonesimulator";
				SUPPORTS_MACCATALYST = NO;
				SUPPORTS_MAC_DESIGNED_FOR_IPHONE_IPAD = NO;
				SWIFT_EMIT_LOC_STRINGS = YES;
				SWIFT_VERSION = 5.0;
				TARGETED_DEVICE_FAMILY = 1;
			};
			name = Debug;
		};
		041C573C2A367F3D007C1574 /* Release */ = {
			isa = XCBuildConfiguration;
			buildSettings = {
				ASSETCATALOG_COMPILER_APPICON_NAME = AppIcon;
				ASSETCATALOG_COMPILER_GLOBAL_ACCENT_COLOR_NAME = AccentColor;
				CODE_SIGN_STYLE = Automatic;
				CURRENT_PROJECT_VERSION = 1;
				DEVELOPMENT_TEAM = NPYFYMY3RW;
				GENERATE_INFOPLIST_FILE = YES;
				INFOPLIST_FILE = "WorkoutApp/Supporting Files/Info.plist";
				INFOPLIST_KEY_CFBundleDisplayName = Workout;
				INFOPLIST_KEY_LSApplicationCategoryType = "public.app-category.utilities";
				INFOPLIST_KEY_UIApplicationSupportsIndirectInputEvents = YES;
				INFOPLIST_KEY_UILaunchStoryboardName = LaunchScreen;
				INFOPLIST_KEY_UIMainStoryboardFile = "";
				INFOPLIST_KEY_UISupportedInterfaceOrientations = UIInterfaceOrientationPortrait;
				IPHONEOS_DEPLOYMENT_TARGET = 13.0;
				LD_RUNPATH_SEARCH_PATHS = (
					"$(inherited)",
					"@executable_path/Frameworks",
				);
				MARKETING_VERSION = 1.0;
				PRODUCT_BUNDLE_IDENTIFIER = com.waheedcodes.WorkoutApp;
				PRODUCT_NAME = "$(TARGET_NAME)";
				SUPPORTED_PLATFORMS = "iphoneos iphonesimulator";
				SUPPORTS_MACCATALYST = NO;
				SUPPORTS_MAC_DESIGNED_FOR_IPHONE_IPAD = NO;
				SWIFT_EMIT_LOC_STRINGS = YES;
				SWIFT_VERSION = 5.0;
				TARGETED_DEVICE_FAMILY = 1;
			};
			name = Release;
		};
/* End XCBuildConfiguration section */

/* Begin XCConfigurationList section */
		041C57212A367F39007C1574 /* Build configuration list for PBXProject "WorkoutApp" */ = {
			isa = XCConfigurationList;
			buildConfigurations = (
				041C57382A367F3D007C1574 /* Debug */,
				041C57392A367F3D007C1574 /* Release */,
			);
			defaultConfigurationIsVisible = 0;
			defaultConfigurationName = Release;
		};
		041C573A2A367F3D007C1574 /* Build configuration list for PBXNativeTarget "WorkoutApp" */ = {
			isa = XCConfigurationList;
			buildConfigurations = (
				041C573B2A367F3D007C1574 /* Debug */,
				041C573C2A367F3D007C1574 /* Release */,
			);
			defaultConfigurationIsVisible = 0;
			defaultConfigurationName = Release;
		};
/* End XCConfigurationList section */
	};
	rootObject = 041C571E2A367F39007C1574 /* Project object */;
}
